{
  "name": "meirelles",
  "version": "0.0.0",
  "lockfileVersion": 1,
  "requires": true,
  "dependencies": {
    "@ng-bootstrap/ng-bootstrap": {
      "version": "1.0.0-beta.6",
      "resolved": "https://registry.npmjs.org/@ng-bootstrap/ng-bootstrap/-/ng-bootstrap-1.0.0-beta.6.tgz",
      "integrity": "sha1-Z2y2wcYzTDs00NVJk4OGupl5ZGI="
    }
  }
}
